{
  "meteor": {},
  "dependencies": {
    "basePackages": {
      "jqueryui": {},
      "glyphicons-halflings": {},
      "moment": {},
      "livestamp": {}
    },
    "packages": {
      "jqueryui": {
        "git": "https://github.com/mizzao/meteor-jqueryui.git",
        "tag": "v1.11.0",
        "commit": "06194edc0bdbb28c34b3a656bf9cb6a32718b44e"
      },
      "glyphicons-halflings": {
        "git": "https://github.com/chriswessels/meteor-glyphicons-halflings.git",
        "tag": "v1.0.2",
        "commit": "c943b42cddb92be8218322e7d638a98ef5d10366"
      },
      "moment": {
        "git": "https://github.com/acreeger/meteor-moment.git",
        "tag": "v2.8.1",
        "commit": "722ea63783d594341023836b7d418ab2567dab8c"
      },
      "livestamp": {
        "git": "https://github.com/colllin/meteor-livestamp.git",
        "tag": "v1.1.2-3",
        "commit": "d161b9de53d7032511ecaa13486b6b5cb11f71f3"
      },
      "build-fetcher": {
        "git": "https://github.com/mizzao/meteor-build-fetcher.git",
        "tag": "v0.2.0",
        "commit": "5202ca83277860d798c6ff2ef1d8fe1bce007d0f"
      }
    }
  }
}
